
Microsoft Visual Studio Solution File, Format Version 12.00
# Visual Studio 2017
Project("{FAE04EC0-301F-11D3-BF4B-00C04F79EFBC}") = "mgf", "mgf.csproj", "{AC3221D1-F157-3949-C239-3407F3A18685}"
EndProject
Project("{FAE04EC0-301F-11D3-BF4B-00C04F79EFBC}") = "mgf.Plugins", "mgf.Plugins.csproj", "{48BBE257-0480-127C-9861-8582CD3459C8}"
EndProject
Project("{FAE04EC0-301F-11D3-BF4B-00C04F79EFBC}") = "mgf.Editor", "mgf.Editor.csproj", "{421C01B3-37FB-CB19-A1AF-1B061F8ADF6D}"
EndProject
Global
	GlobalSection(SolutionConfigurationPlatforms) = preSolution
		Debug|Any CPU = Debug|Any CPU
		Release|Any CPU = Release|Any CPU
	EndGlobalSection
	GlobalSection(ProjectConfigurationPlatforms) = postSolution
		{AC3221D1-F157-3949-C239-3407F3A18685}.Debug|Any CPU.ActiveCfg = Debug|Any CPU
		{AC3221D1-F157-3949-C239-3407F3A18685}.Debug|Any CPU.Build.0 = Debug|Any CPU
		{AC3221D1-F157-3949-C239-3407F3A18685}.Release|Any CPU.ActiveCfg = Release|Any CPU
		{AC3221D1-F157-3949-C239-3407F3A18685}.Release|Any CPU.Build.0 = Release|Any CPU
		{48BBE257-0480-127C-9861-8582CD3459C8}.Debug|Any CPU.ActiveCfg = Debug|Any CPU
		{48BBE257-0480-127C-9861-8582CD3459C8}.Debug|Any CPU.Build.0 = Debug|Any CPU
		{48BBE257-0480-127C-9861-8582CD3459C8}.Release|Any CPU.ActiveCfg = Release|Any CPU
		{48BBE257-0480-127C-9861-8582CD3459C8}.Release|Any CPU.Build.0 = Release|Any CPU
		{421C01B3-37FB-CB19-A1AF-1B061F8ADF6D}.Debug|Any CPU.ActiveCfg = Debug|Any CPU
		{421C01B3-37FB-CB19-A1AF-1B061F8ADF6D}.Debug|Any CPU.Build.0 = Debug|Any CPU
		{421C01B3-37FB-CB19-A1AF-1B061F8ADF6D}.Release|Any CPU.ActiveCfg = Release|Any CPU
		{421C01B3-37FB-CB19-A1AF-1B061F8ADF6D}.Release|Any CPU.Build.0 = Release|Any CPU
	EndGlobalSection
	GlobalSection(SolutionProperties) = preSolution
		HideSolutionNode = FALSE
	EndGlobalSection
EndGlobal
